
Microsoft Visual Studio Solution File, Format Version 12.00
# Visual Studio Version 16
VisualStudioVersion = 16.0.30621.155
MinimumVisualStudioVersion = 10.0.40219.1
Project("{FAE04EC0-301F-11D3-BF4B-00C04F79EFBC}") = "IngredientRun", "IngredientRun.csproj", "{B896ED96-76A5-4B41-BAFB-AB32DC11F3DD}"
EndProject
Global
	GlobalSection(SolutionConfigurationPlatforms) = preSolution
		Debug|Any CPU = Debug|Any CPU
		Release|Any CPU = Release|Any CPU
	EndGlobalSection
	GlobalSection(ProjectConfigurationPlatforms) = postSolution
		{B896ED96-76A5-4B41-BAFB-AB32DC11F3DD}.Debug|Any CPU.ActiveCfg = Debug|Any CPU
		{B896ED96-76A5-4B41-BAFB-AB32DC11F3DD}.Debug|Any CPU.Build.0 = Debug|Any CPU
		{B896ED96-76A5-4B41-BAFB-AB32DC11F3DD}.Release|Any CPU.ActiveCfg = Release|Any CPU
		{B896ED96-76A5-4B41-BAFB-AB32DC11F3DD}.Release|Any CPU.Build.0 = Release|Any CPU
	EndGlobalSection
	GlobalSection(SolutionProperties) = preSolution
		HideSolutionNode = FALSE
	EndGlobalSection
	GlobalSection(ExtensibilityGlobals) = postSolution
		SolutionGuid = {7C7D6E75-032B-4EEB-B133-8726737559DB}
	EndGlobalSection
EndGlobal
