
Microsoft Visual Studio Solution File, Format Version 12.00
# Visual Studio Version 16
VisualStudioVersion = 16.0.30907.101
MinimumVisualStudioVersion = 10.0.40219.1
Project("{FAE04EC0-301F-11D3-BF4B-00C04F79EFBC}") = "WillowWoodRefuge", "WillowWoodRefuge.csproj", "{E027956F-458B-409E-A32A-24964A1A8F53}"
EndProject
Global
	GlobalSection(SolutionConfigurationPlatforms) = preSolution
		Debug|Any CPU = Debug|Any CPU
		Release|Any CPU = Release|Any CPU
	EndGlobalSection
	GlobalSection(ProjectConfigurationPlatforms) = postSolution
		{E027956F-458B-409E-A32A-24964A1A8F53}.Debug|Any CPU.ActiveCfg = Debug|Any CPU
		{E027956F-458B-409E-A32A-24964A1A8F53}.Debug|Any CPU.Build.0 = Debug|Any CPU
		{E027956F-458B-409E-A32A-24964A1A8F53}.Release|Any CPU.ActiveCfg = Release|Any CPU
		{E027956F-458B-409E-A32A-24964A1A8F53}.Release|Any CPU.Build.0 = Release|Any CPU
	EndGlobalSection
	GlobalSection(SolutionProperties) = preSolution
		HideSolutionNode = FALSE
	EndGlobalSection
	GlobalSection(ExtensibilityGlobals) = postSolution
		SolutionGuid = {A05F60A1-7793-4E73-BBE2-D1DDCE635977}
	EndGlobalSection
EndGlobal
